
Microsoft Visual Studio Solution File, Format Version 12.00
# Visual Studio Version 17
VisualStudioVersion = 17.3.32819.101
MinimumVisualStudioVersion = 10.0.40219.1
Project("{FAE04EC0-301F-11D3-BF4B-00C04F79EFBC}") = "CSharpStringsAndDatetimes.Demo", "CSharpStringsAndDatetimes.Demo\CSharpStringsAndDatetimes.Demo.csproj", "{5AB63BD7-CEF0-4C1A-9BDA-3A571F316116}"
EndProject
Global
	GlobalSection(SolutionConfigurationPlatforms) = preSolution
		Debug|Any CPU = Debug|Any CPU
		Release|Any CPU = Release|Any CPU
	EndGlobalSection
	GlobalSection(ProjectConfigurationPlatforms) = postSolution
		{5AB63BD7-CEF0-4C1A-9BDA-3A571F316116}.Debug|Any CPU.ActiveCfg = Debug|Any CPU
		{5AB63BD7-CEF0-4C1A-9BDA-3A571F316116}.Debug|Any CPU.Build.0 = Debug|Any CPU
		{5AB63BD7-CEF0-4C1A-9BDA-3A571F316116}.Release|Any CPU.ActiveCfg = Release|Any CPU
		{5AB63BD7-CEF0-4C1A-9BDA-3A571F316116}.Release|Any CPU.Build.0 = Release|Any CPU
	EndGlobalSection
	GlobalSection(SolutionProperties) = preSolution
		HideSolutionNode = FALSE
	EndGlobalSection
	GlobalSection(ExtensibilityGlobals) = postSolution
		SolutionGuid = {6855E735-6FFF-46BF-9CC3-F5C511650210}
	EndGlobalSection
EndGlobal
