
Microsoft Visual Studio Solution File, Format Version 12.00
# Visual Studio Version 16
VisualStudioVersion = 16.0.31105.61
MinimumVisualStudioVersion = 10.0.40219.1
Project("{FAE04EC0-301F-11D3-BF4B-00C04F79EFBC}") = "ClassDemo", "ClassDemo\ClassDemo.csproj", "{0D113775-19CB-4A5C-BC43-9998ADEB2B2E}"
EndProject
Project("{FAE04EC0-301F-11D3-BF4B-00C04F79EFBC}") = "PropertyDemo", "PropertyDemo\PropertyDemo.csproj", "{9CECB87F-45D2-42B8-AF7E-0CEB42E4B589}"
EndProject
Project("{FAE04EC0-301F-11D3-BF4B-00C04F79EFBC}") = "ConstructorDemo", "ConstructorDemo\ConstructorDemo.csproj", "{0F3E2129-E25D-4773-8BFE-9C71BED23A63}"
EndProject
Project("{FAE04EC0-301F-11D3-BF4B-00C04F79EFBC}") = "OverloadingDemo", "OverloadingDemo\OverloadingDemo.csproj", "{B2AE3FF1-871F-4FDC-971D-1038B0AD1E2C}"
EndProject
Project("{FAE04EC0-301F-11D3-BF4B-00C04F79EFBC}") = "InheritanceDemo", "InheritanceDemo\InheritanceDemo.csproj", "{F61E5919-13DA-4CAE-BA20-AB75C69015D8}"
EndProject
Global
	GlobalSection(SolutionConfigurationPlatforms) = preSolution
		Debug|Any CPU = Debug|Any CPU
		Release|Any CPU = Release|Any CPU
	EndGlobalSection
	GlobalSection(ProjectConfigurationPlatforms) = postSolution
		{0D113775-19CB-4A5C-BC43-9998ADEB2B2E}.Debug|Any CPU.ActiveCfg = Debug|Any CPU
		{0D113775-19CB-4A5C-BC43-9998ADEB2B2E}.Debug|Any CPU.Build.0 = Debug|Any CPU
		{0D113775-19CB-4A5C-BC43-9998ADEB2B2E}.Release|Any CPU.ActiveCfg = Release|Any CPU
		{0D113775-19CB-4A5C-BC43-9998ADEB2B2E}.Release|Any CPU.Build.0 = Release|Any CPU
		{9CECB87F-45D2-42B8-AF7E-0CEB42E4B589}.Debug|Any CPU.ActiveCfg = Debug|Any CPU
		{9CECB87F-45D2-42B8-AF7E-0CEB42E4B589}.Debug|Any CPU.Build.0 = Debug|Any CPU
		{9CECB87F-45D2-42B8-AF7E-0CEB42E4B589}.Release|Any CPU.ActiveCfg = Release|Any CPU
		{9CECB87F-45D2-42B8-AF7E-0CEB42E4B589}.Release|Any CPU.Build.0 = Release|Any CPU
		{0F3E2129-E25D-4773-8BFE-9C71BED23A63}.Debug|Any CPU.ActiveCfg = Debug|Any CPU
		{0F3E2129-E25D-4773-8BFE-9C71BED23A63}.Debug|Any CPU.Build.0 = Debug|Any CPU
		{0F3E2129-E25D-4773-8BFE-9C71BED23A63}.Release|Any CPU.ActiveCfg = Release|Any CPU
		{0F3E2129-E25D-4773-8BFE-9C71BED23A63}.Release|Any CPU.Build.0 = Release|Any CPU
		{B2AE3FF1-871F-4FDC-971D-1038B0AD1E2C}.Debug|Any CPU.ActiveCfg = Debug|Any CPU
		{B2AE3FF1-871F-4FDC-971D-1038B0AD1E2C}.Debug|Any CPU.Build.0 = Debug|Any CPU
		{B2AE3FF1-871F-4FDC-971D-1038B0AD1E2C}.Release|Any CPU.ActiveCfg = Release|Any CPU
		{B2AE3FF1-871F-4FDC-971D-1038B0AD1E2C}.Release|Any CPU.Build.0 = Release|Any CPU
		{F61E5919-13DA-4CAE-BA20-AB75C69015D8}.Debug|Any CPU.ActiveCfg = Debug|Any CPU
		{F61E5919-13DA-4CAE-BA20-AB75C69015D8}.Debug|Any CPU.Build.0 = Debug|Any CPU
		{F61E5919-13DA-4CAE-BA20-AB75C69015D8}.Release|Any CPU.ActiveCfg = Release|Any CPU
		{F61E5919-13DA-4CAE-BA20-AB75C69015D8}.Release|Any CPU.Build.0 = Release|Any CPU
	EndGlobalSection
	GlobalSection(SolutionProperties) = preSolution
		HideSolutionNode = FALSE
	EndGlobalSection
	GlobalSection(ExtensibilityGlobals) = postSolution
		SolutionGuid = {A8F19F9B-04F4-41B1-BE4C-8F98E9419AB8}
	EndGlobalSection
EndGlobal
