
Microsoft Visual Studio Solution File, Format Version 12.00
# Visual Studio Version 17
VisualStudioVersion = 17.1.32210.238
MinimumVisualStudioVersion = 10.0.40219.1
Project("{9A19103F-16F7-4668-BE54-9A1E7A4F7556}") = "ObserverPattern", "ObserverPattern\ObserverPattern.csproj", "{CEA47746-E9FA-4618-80E1-5C893FF86CA7}"
EndProject
Project("{9A19103F-16F7-4668-BE54-9A1E7A4F7556}") = "MediatorPattern", "MediatorPattern\MediatorPattern.csproj", "{FDEA8A04-8BAD-4035-959A-CE5CE832A571}"
EndProject
Project("{9A19103F-16F7-4668-BE54-9A1E7A4F7556}") = "Strategy", "Strategy\Strategy.csproj", "{0073A27B-352F-4F83-9DBE-2F7EC9AFB89B}"
EndProject
Project("{9A19103F-16F7-4668-BE54-9A1E7A4F7556}") = "TemplateMethod", "TemplateMethod\TemplateMethod.csproj", "{90DC7F0B-0BFC-4BC3-AFDC-DD358C6B692F}"
EndProject
Project("{FAE04EC0-301F-11D3-BF4B-00C04F79EFBC}") = "Visitor", "Visitor\Visitor.csproj", "{8E77683D-0A7C-4BD5-8995-202BD6415768}"
EndProject
Global
	GlobalSection(SolutionConfigurationPlatforms) = preSolution
		Debug|Any CPU = Debug|Any CPU
		Release|Any CPU = Release|Any CPU
	EndGlobalSection
	GlobalSection(ProjectConfigurationPlatforms) = postSolution
		{CEA47746-E9FA-4618-80E1-5C893FF86CA7}.Debug|Any CPU.ActiveCfg = Debug|Any CPU
		{CEA47746-E9FA-4618-80E1-5C893FF86CA7}.Debug|Any CPU.Build.0 = Debug|Any CPU
		{CEA47746-E9FA-4618-80E1-5C893FF86CA7}.Release|Any CPU.ActiveCfg = Release|Any CPU
		{CEA47746-E9FA-4618-80E1-5C893FF86CA7}.Release|Any CPU.Build.0 = Release|Any CPU
		{FDEA8A04-8BAD-4035-959A-CE5CE832A571}.Debug|Any CPU.ActiveCfg = Debug|Any CPU
		{FDEA8A04-8BAD-4035-959A-CE5CE832A571}.Debug|Any CPU.Build.0 = Debug|Any CPU
		{FDEA8A04-8BAD-4035-959A-CE5CE832A571}.Release|Any CPU.ActiveCfg = Release|Any CPU
		{FDEA8A04-8BAD-4035-959A-CE5CE832A571}.Release|Any CPU.Build.0 = Release|Any CPU
		{0073A27B-352F-4F83-9DBE-2F7EC9AFB89B}.Debug|Any CPU.ActiveCfg = Debug|Any CPU
		{0073A27B-352F-4F83-9DBE-2F7EC9AFB89B}.Debug|Any CPU.Build.0 = Debug|Any CPU
		{0073A27B-352F-4F83-9DBE-2F7EC9AFB89B}.Release|Any CPU.ActiveCfg = Release|Any CPU
		{0073A27B-352F-4F83-9DBE-2F7EC9AFB89B}.Release|Any CPU.Build.0 = Release|Any CPU
		{90DC7F0B-0BFC-4BC3-AFDC-DD358C6B692F}.Debug|Any CPU.ActiveCfg = Debug|Any CPU
		{90DC7F0B-0BFC-4BC3-AFDC-DD358C6B692F}.Debug|Any CPU.Build.0 = Debug|Any CPU
		{90DC7F0B-0BFC-4BC3-AFDC-DD358C6B692F}.Release|Any CPU.ActiveCfg = Release|Any CPU
		{90DC7F0B-0BFC-4BC3-AFDC-DD358C6B692F}.Release|Any CPU.Build.0 = Release|Any CPU
		{8E77683D-0A7C-4BD5-8995-202BD6415768}.Debug|Any CPU.ActiveCfg = Debug|Any CPU
		{8E77683D-0A7C-4BD5-8995-202BD6415768}.Debug|Any CPU.Build.0 = Debug|Any CPU
		{8E77683D-0A7C-4BD5-8995-202BD6415768}.Release|Any CPU.ActiveCfg = Release|Any CPU
		{8E77683D-0A7C-4BD5-8995-202BD6415768}.Release|Any CPU.Build.0 = Release|Any CPU
	EndGlobalSection
	GlobalSection(SolutionProperties) = preSolution
		HideSolutionNode = FALSE
	EndGlobalSection
	GlobalSection(ExtensibilityGlobals) = postSolution
		SolutionGuid = {016B6FBD-21F9-444B-B4A7-8330C91C4A66}
	EndGlobalSection
EndGlobal
