
Microsoft Visual Studio Solution File, Format Version 12.00
# Visual Studio Version 16
VisualStudioVersion = 16.0.31105.61
MinimumVisualStudioVersion = 10.0.40219.1
Project("{FAE04EC0-301F-11D3-BF4B-00C04F79EFBC}") = "Domain", "Domain\Domain.csproj", "{03D299DF-120C-4EAD-BF69-F007F79FB97B}"
EndProject
Project("{FAE04EC0-301F-11D3-BF4B-00C04F79EFBC}") = "Application", "Application\Application.csproj", "{ED690B40-D315-4D30-82FE-028038B94B93}"
EndProject
Project("{FAE04EC0-301F-11D3-BF4B-00C04F79EFBC}") = "Infrastructure", "Infrastructure\Infrastructure.csproj", "{8F75EC58-494E-4516-9304-B382F23A8357}"
EndProject
Project("{FAE04EC0-301F-11D3-BF4B-00C04F79EFBC}") = "ConsolePresentation", "ConsolePresentation\ConsolePresentation.csproj", "{53C1FB7E-8A26-4AEE-92A6-DBC6DA52E838}"
EndProject
Global
	GlobalSection(SolutionConfigurationPlatforms) = preSolution
		Debug|Any CPU = Debug|Any CPU
		Release|Any CPU = Release|Any CPU
	EndGlobalSection
	GlobalSection(ProjectConfigurationPlatforms) = postSolution
		{03D299DF-120C-4EAD-BF69-F007F79FB97B}.Debug|Any CPU.ActiveCfg = Debug|Any CPU
		{03D299DF-120C-4EAD-BF69-F007F79FB97B}.Debug|Any CPU.Build.0 = Debug|Any CPU
		{03D299DF-120C-4EAD-BF69-F007F79FB97B}.Release|Any CPU.ActiveCfg = Release|Any CPU
		{03D299DF-120C-4EAD-BF69-F007F79FB97B}.Release|Any CPU.Build.0 = Release|Any CPU
		{ED690B40-D315-4D30-82FE-028038B94B93}.Debug|Any CPU.ActiveCfg = Debug|Any CPU
		{ED690B40-D315-4D30-82FE-028038B94B93}.Debug|Any CPU.Build.0 = Debug|Any CPU
		{ED690B40-D315-4D30-82FE-028038B94B93}.Release|Any CPU.ActiveCfg = Release|Any CPU
		{ED690B40-D315-4D30-82FE-028038B94B93}.Release|Any CPU.Build.0 = Release|Any CPU
		{8F75EC58-494E-4516-9304-B382F23A8357}.Debug|Any CPU.ActiveCfg = Debug|Any CPU
		{8F75EC58-494E-4516-9304-B382F23A8357}.Debug|Any CPU.Build.0 = Debug|Any CPU
		{8F75EC58-494E-4516-9304-B382F23A8357}.Release|Any CPU.ActiveCfg = Release|Any CPU
		{8F75EC58-494E-4516-9304-B382F23A8357}.Release|Any CPU.Build.0 = Release|Any CPU
		{53C1FB7E-8A26-4AEE-92A6-DBC6DA52E838}.Debug|Any CPU.ActiveCfg = Debug|Any CPU
		{53C1FB7E-8A26-4AEE-92A6-DBC6DA52E838}.Debug|Any CPU.Build.0 = Debug|Any CPU
		{53C1FB7E-8A26-4AEE-92A6-DBC6DA52E838}.Release|Any CPU.ActiveCfg = Release|Any CPU
		{53C1FB7E-8A26-4AEE-92A6-DBC6DA52E838}.Release|Any CPU.Build.0 = Release|Any CPU
	EndGlobalSection
	GlobalSection(SolutionProperties) = preSolution
		HideSolutionNode = FALSE
	EndGlobalSection
	GlobalSection(ExtensibilityGlobals) = postSolution
		SolutionGuid = {3811BA49-EF70-45E9-A086-D2FB73C5B18D}
	EndGlobalSection
EndGlobal
