
Microsoft Visual Studio Solution File, Format Version 12.00
# Visual Studio Version 16
VisualStudioVersion = 16.0.31105.61
MinimumVisualStudioVersion = 10.0.40219.1
Project("{9A19103F-16F7-4668-BE54-9A1E7A4F7556}") = "ArraysDemo", "ArraysDemo\ArraysDemo.csproj", "{7C28B152-28AB-4D99-9051-F7AD0F233FCF}"
EndProject
Project("{9A19103F-16F7-4668-BE54-9A1E7A4F7556}") = "StringsDemo", "StringsDemo\StringsDemo.csproj", "{DCB06703-DA60-4879-83E3-7797266CFC24}"
EndProject
Project("{FAE04EC0-301F-11D3-BF4B-00C04F79EFBC}") = "DatesDemo", "DatesDemo\DatesDemo.csproj", "{B4B85ED6-F35B-4398-98A3-B81CEA175267}"
EndProject
Global
	GlobalSection(SolutionConfigurationPlatforms) = preSolution
		Debug|Any CPU = Debug|Any CPU
		Release|Any CPU = Release|Any CPU
	EndGlobalSection
	GlobalSection(ProjectConfigurationPlatforms) = postSolution
		{7C28B152-28AB-4D99-9051-F7AD0F233FCF}.Debug|Any CPU.ActiveCfg = Debug|Any CPU
		{7C28B152-28AB-4D99-9051-F7AD0F233FCF}.Debug|Any CPU.Build.0 = Debug|Any CPU
		{7C28B152-28AB-4D99-9051-F7AD0F233FCF}.Release|Any CPU.ActiveCfg = Release|Any CPU
		{7C28B152-28AB-4D99-9051-F7AD0F233FCF}.Release|Any CPU.Build.0 = Release|Any CPU
		{DCB06703-DA60-4879-83E3-7797266CFC24}.Debug|Any CPU.ActiveCfg = Debug|Any CPU
		{DCB06703-DA60-4879-83E3-7797266CFC24}.Debug|Any CPU.Build.0 = Debug|Any CPU
		{DCB06703-DA60-4879-83E3-7797266CFC24}.Release|Any CPU.ActiveCfg = Release|Any CPU
		{DCB06703-DA60-4879-83E3-7797266CFC24}.Release|Any CPU.Build.0 = Release|Any CPU
		{B4B85ED6-F35B-4398-98A3-B81CEA175267}.Debug|Any CPU.ActiveCfg = Debug|Any CPU
		{B4B85ED6-F35B-4398-98A3-B81CEA175267}.Debug|Any CPU.Build.0 = Debug|Any CPU
		{B4B85ED6-F35B-4398-98A3-B81CEA175267}.Release|Any CPU.ActiveCfg = Release|Any CPU
		{B4B85ED6-F35B-4398-98A3-B81CEA175267}.Release|Any CPU.Build.0 = Release|Any CPU
	EndGlobalSection
	GlobalSection(SolutionProperties) = preSolution
		HideSolutionNode = FALSE
	EndGlobalSection
	GlobalSection(ExtensibilityGlobals) = postSolution
		SolutionGuid = {86CB1229-F95C-4224-B1FB-3F0728669EE9}
	EndGlobalSection
EndGlobal
