
Microsoft Visual Studio Solution File, Format Version 12.00
# Visual Studio Version 16
VisualStudioVersion = 16.0.31729.503
MinimumVisualStudioVersion = 10.0.40219.1
Project("{FAE04EC0-301F-11D3-BF4B-00C04F79EFBC}") = "AmdarisEshop", "AmdarisEshop.csproj", "{AAF2F935-4382-45D7-B200-2A29EAA4ED1A}"
EndProject
Project("{FAE04EC0-301F-11D3-BF4B-00C04F79EFBC}") = "AmdarisEshop.Domain", "..\AmdarisEshop.Domain\AmdarisEshop.Domain.csproj", "{13AE5C60-3B1F-4764-AC4D-86D4E7A13037}"
EndProject
Project("{FAE04EC0-301F-11D3-BF4B-00C04F79EFBC}") = "AmdarisEshop.Application", "..\AmdarisEshop.Application\AmdarisEshop.Application.csproj", "{1E802F8C-80D8-40C2-89CE-76778646861B}"
EndProject
Project("{FAE04EC0-301F-11D3-BF4B-00C04F79EFBC}") = "AmdarisEshop.Dal", "..\AmdarisEshop.Dal\AmdarisEshop.Dal.csproj", "{1B3D1E6D-9CE2-4292-8990-D72E6717EF96}"
EndProject
Global
	GlobalSection(SolutionConfigurationPlatforms) = preSolution
		Debug|Any CPU = Debug|Any CPU
		Release|Any CPU = Release|Any CPU
	EndGlobalSection
	GlobalSection(ProjectConfigurationPlatforms) = postSolution
		{AAF2F935-4382-45D7-B200-2A29EAA4ED1A}.Debug|Any CPU.ActiveCfg = Debug|Any CPU
		{AAF2F935-4382-45D7-B200-2A29EAA4ED1A}.Debug|Any CPU.Build.0 = Debug|Any CPU
		{AAF2F935-4382-45D7-B200-2A29EAA4ED1A}.Release|Any CPU.ActiveCfg = Release|Any CPU
		{AAF2F935-4382-45D7-B200-2A29EAA4ED1A}.Release|Any CPU.Build.0 = Release|Any CPU
		{13AE5C60-3B1F-4764-AC4D-86D4E7A13037}.Debug|Any CPU.ActiveCfg = Debug|Any CPU
		{13AE5C60-3B1F-4764-AC4D-86D4E7A13037}.Debug|Any CPU.Build.0 = Debug|Any CPU
		{13AE5C60-3B1F-4764-AC4D-86D4E7A13037}.Release|Any CPU.ActiveCfg = Release|Any CPU
		{13AE5C60-3B1F-4764-AC4D-86D4E7A13037}.Release|Any CPU.Build.0 = Release|Any CPU
		{1E802F8C-80D8-40C2-89CE-76778646861B}.Debug|Any CPU.ActiveCfg = Debug|Any CPU
		{1E802F8C-80D8-40C2-89CE-76778646861B}.Debug|Any CPU.Build.0 = Debug|Any CPU
		{1E802F8C-80D8-40C2-89CE-76778646861B}.Release|Any CPU.ActiveCfg = Release|Any CPU
		{1E802F8C-80D8-40C2-89CE-76778646861B}.Release|Any CPU.Build.0 = Release|Any CPU
		{1B3D1E6D-9CE2-4292-8990-D72E6717EF96}.Debug|Any CPU.ActiveCfg = Debug|Any CPU
		{1B3D1E6D-9CE2-4292-8990-D72E6717EF96}.Debug|Any CPU.Build.0 = Debug|Any CPU
		{1B3D1E6D-9CE2-4292-8990-D72E6717EF96}.Release|Any CPU.ActiveCfg = Release|Any CPU
		{1B3D1E6D-9CE2-4292-8990-D72E6717EF96}.Release|Any CPU.Build.0 = Release|Any CPU
	EndGlobalSection
	GlobalSection(SolutionProperties) = preSolution
		HideSolutionNode = FALSE
	EndGlobalSection
	GlobalSection(ExtensibilityGlobals) = postSolution
		SolutionGuid = {48FE6892-2424-4461-9263-D5B876128D09}
	EndGlobalSection
EndGlobal
