
Microsoft Visual Studio Solution File, Format Version 12.00
# Visual Studio Version 16
VisualStudioVersion = 16.0.31105.61
MinimumVisualStudioVersion = 10.0.40219.1
Project("{9A19103F-16F7-4668-BE54-9A1E7A4F7556}") = "DelegatesDemo", "DelegatesDemo\DelegatesDemo.csproj", "{FD769B80-6458-4789-AD76-26A11381B324}"
EndProject
Project("{FAE04EC0-301F-11D3-BF4B-00C04F79EFBC}") = "ExtensionMethodsDemo", "ExtensionMethodsDemo\ExtensionMethodsDemo.csproj", "{296E0801-172D-49B0-9327-FB149FAC944B}"
EndProject
Project("{FAE04EC0-301F-11D3-BF4B-00C04F79EFBC}") = "LINQDemos", "LINQDemos\LINQDemos.csproj", "{568A9EDD-0C05-4667-8868-B2DA7E9F6B48}"
EndProject
Global
	GlobalSection(SolutionConfigurationPlatforms) = preSolution
		Debug|Any CPU = Debug|Any CPU
		Release|Any CPU = Release|Any CPU
	EndGlobalSection
	GlobalSection(ProjectConfigurationPlatforms) = postSolution
		{FD769B80-6458-4789-AD76-26A11381B324}.Debug|Any CPU.ActiveCfg = Debug|Any CPU
		{FD769B80-6458-4789-AD76-26A11381B324}.Debug|Any CPU.Build.0 = Debug|Any CPU
		{FD769B80-6458-4789-AD76-26A11381B324}.Release|Any CPU.ActiveCfg = Release|Any CPU
		{FD769B80-6458-4789-AD76-26A11381B324}.Release|Any CPU.Build.0 = Release|Any CPU
		{296E0801-172D-49B0-9327-FB149FAC944B}.Debug|Any CPU.ActiveCfg = Debug|Any CPU
		{296E0801-172D-49B0-9327-FB149FAC944B}.Debug|Any CPU.Build.0 = Debug|Any CPU
		{296E0801-172D-49B0-9327-FB149FAC944B}.Release|Any CPU.ActiveCfg = Release|Any CPU
		{296E0801-172D-49B0-9327-FB149FAC944B}.Release|Any CPU.Build.0 = Release|Any CPU
		{568A9EDD-0C05-4667-8868-B2DA7E9F6B48}.Debug|Any CPU.ActiveCfg = Debug|Any CPU
		{568A9EDD-0C05-4667-8868-B2DA7E9F6B48}.Debug|Any CPU.Build.0 = Debug|Any CPU
		{568A9EDD-0C05-4667-8868-B2DA7E9F6B48}.Release|Any CPU.ActiveCfg = Release|Any CPU
		{568A9EDD-0C05-4667-8868-B2DA7E9F6B48}.Release|Any CPU.Build.0 = Release|Any CPU
	EndGlobalSection
	GlobalSection(SolutionProperties) = preSolution
		HideSolutionNode = FALSE
	EndGlobalSection
	GlobalSection(ExtensibilityGlobals) = postSolution
		SolutionGuid = {029F1E8F-A7B9-46ED-B484-768002527438}
	EndGlobalSection
EndGlobal
